
Microsoft Visual Studio Solution File, Format Version 12.00
# Visual Studio 15
VisualStudioVersion = 15.0.28307.1000
MinimumVisualStudioVersion = 10.0.40219.1
Project("{FAE04EC0-301F-11D3-BF4B-00C04F79EFBC}") = "SqlWorkload", "SqlWorkload\SqlWorkload.csproj", "{FB46AD2C-DF81-4D35-B419-D93E5EF9D98A}"
	ProjectSection(ProjectDependencies) = postProject
		{AE6E4548-8C33-4728-8504-88AA9666020B} = {AE6E4548-8C33-4728-8504-88AA9666020B}
	EndProjectSection
EndProject
Project("{FAE04EC0-301F-11D3-BF4B-00C04F79EFBC}") = "WorkloadTools", "WorkloadTools\WorkloadTools.csproj", "{AE6E4548-8C33-4728-8504-88AA9666020B}"
EndProject
Project("{930C7802-8A8C-48F9-8165-68863BCCD9DD}") = "Setup", "Setup\Setup.wixproj", "{BBF5FDA0-C08F-48C9-9B98-E017DD8ABB5D}"
	ProjectSection(ProjectDependencies) = postProject
		{62E37C03-BA08-46CE-A583-D71FB7A8825B} = {62E37C03-BA08-46CE-A583-D71FB7A8825B}
		{6E10E31F-D04D-4CB7-8BB9-71ABD4B6B973} = {6E10E31F-D04D-4CB7-8BB9-71ABD4B6B973}
		{AE6E4548-8C33-4728-8504-88AA9666020B} = {AE6E4548-8C33-4728-8504-88AA9666020B}
		{898DF47E-429A-441C-B879-AC0D9EC7FA0E} = {898DF47E-429A-441C-B879-AC0D9EC7FA0E}
	EndProjectSection
EndProject
Project("{2150E333-8FDC-42A3-9474-1A3956D46DE8}") = "Solution Items", "Solution Items", "{CB5A2D19-E789-4555-B04D-FEA2908A5C92}"
	ProjectSection(SolutionItems) = preProject
		LICENSE.md = LICENSE.md
		README.md = README.md
		SharedAssemblyInfo.cs = SharedAssemblyInfo.cs
	EndProjectSection
EndProject
Project("{FAE04EC0-301F-11D3-BF4B-00C04F79EFBC}") = "ConvertWorkload", "ConvertWorkload\ConvertWorkload.csproj", "{62E37C03-BA08-46CE-A583-D71FB7A8825B}"
EndProject
Project("{FAE04EC0-301F-11D3-BF4B-00C04F79EFBC}") = "WorkloadToolsTests", "WorkloadToolsTests\WorkloadToolsTests.csproj", "{898DF47E-429A-441C-B879-AC0D9EC7FA0E}"
EndProject
Project("{FAE04EC0-301F-11D3-BF4B-00C04F79EFBC}") = "WorkloadViewer", "WorkloadViewer\WorkloadViewer.csproj", "{6E10E31F-D04D-4CB7-8BB9-71ABD4B6B973}"
	ProjectSection(ProjectDependencies) = postProject
		{AE6E4548-8C33-4728-8504-88AA9666020B} = {AE6E4548-8C33-4728-8504-88AA9666020B}
	EndProjectSection
EndProject
Project("{930C7802-8A8C-48F9-8165-68863BCCD9DD}") = "SetupBootstrapper", "SetupBootstrapper\SetupBootstrapper.wixproj", "{CAD976C4-D0C6-4313-B605-EC3749A23B5F}"
EndProject
Global
	GlobalSection(SolutionConfigurationPlatforms) = preSolution
		Debug|Any CPU = Debug|Any CPU
		Debug|x64 = Debug|x64
		Debug|x86 = Debug|x86
		Release|Any CPU = Release|Any CPU
		Release|x64 = Release|x64
		Release|x86 = Release|x86
	EndGlobalSection
	GlobalSection(ProjectConfigurationPlatforms) = postSolution
		{FB46AD2C-DF81-4D35-B419-D93E5EF9D98A}.Debug|Any CPU.ActiveCfg = Debug|Any CPU
		{FB46AD2C-DF81-4D35-B419-D93E5EF9D98A}.Debug|Any CPU.Build.0 = Debug|Any CPU
		{FB46AD2C-DF81-4D35-B419-D93E5EF9D98A}.Debug|x64.ActiveCfg = Debug|Any CPU
		{FB46AD2C-DF81-4D35-B419-D93E5EF9D98A}.Debug|x64.Build.0 = Debug|Any CPU
		{FB46AD2C-DF81-4D35-B419-D93E5EF9D98A}.Debug|x86.ActiveCfg = Debug|x86
		{FB46AD2C-DF81-4D35-B419-D93E5EF9D98A}.Debug|x86.Build.0 = Debug|x86
		{FB46AD2C-DF81-4D35-B419-D93E5EF9D98A}.Release|Any CPU.ActiveCfg = Release|Any CPU
		{FB46AD2C-DF81-4D35-B419-D93E5EF9D98A}.Release|Any CPU.Build.0 = Release|Any CPU
		{FB46AD2C-DF81-4D35-B419-D93E5EF9D98A}.Release|x64.ActiveCfg = Release|Any CPU
		{FB46AD2C-DF81-4D35-B419-D93E5EF9D98A}.Release|x64.Build.0 = Release|Any CPU
		{FB46AD2C-DF81-4D35-B419-D93E5EF9D98A}.Release|x86.ActiveCfg = Release|x86
		{FB46AD2C-DF81-4D35-B419-D93E5EF9D98A}.Release|x86.Build.0 = Release|x86
		{AE6E4548-8C33-4728-8504-88AA9666020B}.Debug|Any CPU.ActiveCfg = Debug|Any CPU
		{AE6E4548-8C33-4728-8504-88AA9666020B}.Debug|Any CPU.Build.0 = Debug|Any CPU
		{AE6E4548-8C33-4728-8504-88AA9666020B}.Debug|x64.ActiveCfg = Debug|Any CPU
		{AE6E4548-8C33-4728-8504-88AA9666020B}.Debug|x64.Build.0 = Debug|Any CPU
		{AE6E4548-8C33-4728-8504-88AA9666020B}.Debug|x86.ActiveCfg = Debug|x86
		{AE6E4548-8C33-4728-8504-88AA9666020B}.Debug|x86.Build.0 = Debug|x86
		{AE6E4548-8C33-4728-8504-88AA9666020B}.Release|Any CPU.ActiveCfg = Release|Any CPU
		{AE6E4548-8C33-4728-8504-88AA9666020B}.Release|Any CPU.Build.0 = Release|Any CPU
		{AE6E4548-8C33-4728-8504-88AA9666020B}.Release|x64.ActiveCfg = Release|Any CPU
		{AE6E4548-8C33-4728-8504-88AA9666020B}.Release|x64.Build.0 = Release|Any CPU
		{AE6E4548-8C33-4728-8504-88AA9666020B}.Release|x86.ActiveCfg = Release|x86
		{AE6E4548-8C33-4728-8504-88AA9666020B}.Release|x86.Build.0 = Release|x86
		{BBF5FDA0-C08F-48C9-9B98-E017DD8ABB5D}.Debug|Any CPU.ActiveCfg = Debug|x64
		{BBF5FDA0-C08F-48C9-9B98-E017DD8ABB5D}.Debug|x64.ActiveCfg = Debug|x64
		{BBF5FDA0-C08F-48C9-9B98-E017DD8ABB5D}.Debug|x86.ActiveCfg = Debug|x86
		{BBF5FDA0-C08F-48C9-9B98-E017DD8ABB5D}.Release|Any CPU.ActiveCfg = Release|x86
		{BBF5FDA0-C08F-48C9-9B98-E017DD8ABB5D}.Release|x64.ActiveCfg = Release|x64
		{BBF5FDA0-C08F-48C9-9B98-E017DD8ABB5D}.Release|x64.Build.0 = Release|x64
		{BBF5FDA0-C08F-48C9-9B98-E017DD8ABB5D}.Release|x86.ActiveCfg = Release|x86
		{BBF5FDA0-C08F-48C9-9B98-E017DD8ABB5D}.Release|x86.Build.0 = Release|x86
		{62E37C03-BA08-46CE-A583-D71FB7A8825B}.Debug|Any CPU.ActiveCfg = Debug|x86
		{62E37C03-BA08-46CE-A583-D71FB7A8825B}.Debug|Any CPU.Build.0 = Debug|x86
		{62E37C03-BA08-46CE-A583-D71FB7A8825B}.Debug|x64.ActiveCfg = Debug|Any CPU
		{62E37C03-BA08-46CE-A583-D71FB7A8825B}.Debug|x64.Build.0 = Debug|Any CPU
		{62E37C03-BA08-46CE-A583-D71FB7A8825B}.Debug|x86.ActiveCfg = Debug|x86
		{62E37C03-BA08-46CE-A583-D71FB7A8825B}.Debug|x86.Build.0 = Debug|x86
		{62E37C03-BA08-46CE-A583-D71FB7A8825B}.Release|Any CPU.ActiveCfg = Release|Any CPU
		{62E37C03-BA08-46CE-A583-D71FB7A8825B}.Release|Any CPU.Build.0 = Release|Any CPU
		{62E37C03-BA08-46CE-A583-D71FB7A8825B}.Release|x64.ActiveCfg = Release|Any CPU
		{62E37C03-BA08-46CE-A583-D71FB7A8825B}.Release|x64.Build.0 = Release|Any CPU
		{62E37C03-BA08-46CE-A583-D71FB7A8825B}.Release|x86.ActiveCfg = Release|x86
		{62E37C03-BA08-46CE-A583-D71FB7A8825B}.Release|x86.Build.0 = Release|x86
		{898DF47E-429A-441C-B879-AC0D9EC7FA0E}.Debug|Any CPU.ActiveCfg = Debug|Any CPU
		{898DF47E-429A-441C-B879-AC0D9EC7FA0E}.Debug|Any CPU.Build.0 = Debug|Any CPU
		{898DF47E-429A-441C-B879-AC0D9EC7FA0E}.Debug|x64.ActiveCfg = Debug|Any CPU
		{898DF47E-429A-441C-B879-AC0D9EC7FA0E}.Debug|x64.Build.0 = Debug|Any CPU
		{898DF47E-429A-441C-B879-AC0D9EC7FA0E}.Debug|x86.ActiveCfg = Debug|x86
		{898DF47E-429A-441C-B879-AC0D9EC7FA0E}.Debug|x86.Build.0 = Debug|x86
		{898DF47E-429A-441C-B879-AC0D9EC7FA0E}.Release|Any CPU.ActiveCfg = Release|Any CPU
		{898DF47E-429A-441C-B879-AC0D9EC7FA0E}.Release|Any CPU.Build.0 = Release|Any CPU
		{898DF47E-429A-441C-B879-AC0D9EC7FA0E}.Release|x64.ActiveCfg = Release|Any CPU
		{898DF47E-429A-441C-B879-AC0D9EC7FA0E}.Release|x64.Build.0 = Release|Any CPU
		{898DF47E-429A-441C-B879-AC0D9EC7FA0E}.Release|x86.ActiveCfg = Release|x86
		{898DF47E-429A-441C-B879-AC0D9EC7FA0E}.Release|x86.Build.0 = Release|x86
		{6E10E31F-D04D-4CB7-8BB9-71ABD4B6B973}.Debug|Any CPU.ActiveCfg = Debug|Any CPU
		{6E10E31F-D04D-4CB7-8BB9-71ABD4B6B973}.Debug|Any CPU.Build.0 = Debug|Any CPU
		{6E10E31F-D04D-4CB7-8BB9-71ABD4B6B973}.Debug|x64.ActiveCfg = Debug|Any CPU
		{6E10E31F-D04D-4CB7-8BB9-71ABD4B6B973}.Debug|x64.Build.0 = Debug|Any CPU
		{6E10E31F-D04D-4CB7-8BB9-71ABD4B6B973}.Debug|x86.ActiveCfg = Debug|x86
		{6E10E31F-D04D-4CB7-8BB9-71ABD4B6B973}.Debug|x86.Build.0 = Debug|x86
		{6E10E31F-D04D-4CB7-8BB9-71ABD4B6B973}.Release|Any CPU.ActiveCfg = Release|Any CPU
		{6E10E31F-D04D-4CB7-8BB9-71ABD4B6B973}.Release|Any CPU.Build.0 = Release|Any CPU
		{6E10E31F-D04D-4CB7-8BB9-71ABD4B6B973}.Release|x64.ActiveCfg = Release|Any CPU
		{6E10E31F-D04D-4CB7-8BB9-71ABD4B6B973}.Release|x64.Build.0 = Release|Any CPU
		{6E10E31F-D04D-4CB7-8BB9-71ABD4B6B973}.Release|x86.ActiveCfg = Release|x86
		{6E10E31F-D04D-4CB7-8BB9-71ABD4B6B973}.Release|x86.Build.0 = Release|x86
		{CAD976C4-D0C6-4313-B605-EC3749A23B5F}.Debug|Any CPU.ActiveCfg = Debug|x86
		{CAD976C4-D0C6-4313-B605-EC3749A23B5F}.Debug|x64.ActiveCfg = Debug|x64
		{CAD976C4-D0C6-4313-B605-EC3749A23B5F}.Debug|x86.ActiveCfg = Debug|x86
		{CAD976C4-D0C6-4313-B605-EC3749A23B5F}.Release|Any CPU.ActiveCfg = Release|x86
		{CAD976C4-D0C6-4313-B605-EC3749A23B5F}.Release|x64.ActiveCfg = Release|x64
		{CAD976C4-D0C6-4313-B605-EC3749A23B5F}.Release|x64.Build.0 = Release|x64
		{CAD976C4-D0C6-4313-B605-EC3749A23B5F}.Release|x86.ActiveCfg = Release|x86
		{CAD976C4-D0C6-4313-B605-EC3749A23B5F}.Release|x86.Build.0 = Release|x86
	EndGlobalSection
	GlobalSection(SolutionProperties) = preSolution
		HideSolutionNode = FALSE
	EndGlobalSection
	GlobalSection(ExtensibilityGlobals) = postSolution
		SolutionGuid = {3DC1D965-A979-4B9F-A16F-7A938A0DDD8C}
	EndGlobalSection
EndGlobal
