
Microsoft Visual Studio Solution File, Format Version 12.00
# Visual Studio Version 17
VisualStudioVersion = 17.6.33829.357
MinimumVisualStudioVersion = 10.0.40219.1
Project("{930C7802-8A8C-48F9-8165-68863BCCD9DD}") = "Setup", "Setup\Setup.wixproj", "{BBF5FDA0-C08F-48C9-9B98-E017DD8ABB5D}"
EndProject
Project("{2150E333-8FDC-42A3-9474-1A3956D46DE8}") = "Solution Items", "Solution Items", "{CB5A2D19-E789-4555-B04D-FEA2908A5C92}"
	ProjectSection(SolutionItems) = preProject
		.editorconfig = .editorconfig
		LICENSE.md = LICENSE.md
		README.md = README.md
		SharedAssemblyInfo.cs = SharedAssemblyInfo.cs
	EndProjectSection
EndProject
Project("{930C7802-8A8C-48F9-8165-68863BCCD9DD}") = "SetupBootstrapper", "SetupBootstrapper\SetupBootstrapper.wixproj", "{CAD976C4-D0C6-4313-B605-EC3749A23B5F}"
EndProject
Project("{FAE04EC0-301F-11D3-BF4B-00C04F79EFBC}") = "WorkloadTools", "WorkloadTools\WorkloadTools.csproj", "{0373E657-8D1C-83A9-88E4-D45A6E6D65BA}"
EndProject
Project("{FAE04EC0-301F-11D3-BF4B-00C04F79EFBC}") = "SqlWorkload", "SqlWorkload\SqlWorkload.csproj", "{7B1AA7E5-3833-43D3-AC96-B3F8BA6CF47D}"
EndProject
Project("{FAE04EC0-301F-11D3-BF4B-00C04F79EFBC}") = "WorkloadViewer", "WorkloadViewer\WorkloadViewer.csproj", "{6E10E31F-D04D-4CB7-8BB9-71ABD4B6B973}"
EndProject
Project("{FAE04EC0-301F-11D3-BF4B-00C04F79EFBC}") = "ConvertWorkload", "ConvertWorkload\ConvertWorkload.csproj", "{1226451B-99B4-4BD1-94E8-7F41BB2E40BD}"
EndProject
Global
	GlobalSection(SolutionConfigurationPlatforms) = preSolution
		Debug|Any CPU = Debug|Any CPU
		Release|Any CPU = Release|Any CPU
	EndGlobalSection
	GlobalSection(ProjectConfigurationPlatforms) = postSolution
		{BBF5FDA0-C08F-48C9-9B98-E017DD8ABB5D}.Debug|Any CPU.ActiveCfg = Debug|x64
		{BBF5FDA0-C08F-48C9-9B98-E017DD8ABB5D}.Release|Any CPU.ActiveCfg = Release|x86
		{CAD976C4-D0C6-4313-B605-EC3749A23B5F}.Debug|Any CPU.ActiveCfg = Debug|x86
		{CAD976C4-D0C6-4313-B605-EC3749A23B5F}.Release|Any CPU.ActiveCfg = Release|x86
		{0373E657-8D1C-83A9-88E4-D45A6E6D65BA}.Debug|Any CPU.ActiveCfg = Debug|Any CPU
		{0373E657-8D1C-83A9-88E4-D45A6E6D65BA}.Debug|Any CPU.Build.0 = Debug|Any CPU
		{0373E657-8D1C-83A9-88E4-D45A6E6D65BA}.Release|Any CPU.ActiveCfg = Release|Any CPU
		{0373E657-8D1C-83A9-88E4-D45A6E6D65BA}.Release|Any CPU.Build.0 = Release|Any CPU
		{7B1AA7E5-3833-43D3-AC96-B3F8BA6CF47D}.Debug|Any CPU.ActiveCfg = Debug|Any CPU
		{7B1AA7E5-3833-43D3-AC96-B3F8BA6CF47D}.Debug|Any CPU.Build.0 = Debug|Any CPU
		{7B1AA7E5-3833-43D3-AC96-B3F8BA6CF47D}.Release|Any CPU.ActiveCfg = Release|Any CPU
		{7B1AA7E5-3833-43D3-AC96-B3F8BA6CF47D}.Release|Any CPU.Build.0 = Release|Any CPU
		{6E10E31F-D04D-4CB7-8BB9-71ABD4B6B973}.Debug|Any CPU.ActiveCfg = Debug|Any CPU
		{6E10E31F-D04D-4CB7-8BB9-71ABD4B6B973}.Debug|Any CPU.Build.0 = Debug|Any CPU
		{6E10E31F-D04D-4CB7-8BB9-71ABD4B6B973}.Release|Any CPU.ActiveCfg = Release|Any CPU
		{6E10E31F-D04D-4CB7-8BB9-71ABD4B6B973}.Release|Any CPU.Build.0 = Release|Any CPU
		{1226451B-99B4-4BD1-94E8-7F41BB2E40BD}.Debug|Any CPU.ActiveCfg = Debug|Any CPU
		{1226451B-99B4-4BD1-94E8-7F41BB2E40BD}.Debug|Any CPU.Build.0 = Debug|Any CPU
		{1226451B-99B4-4BD1-94E8-7F41BB2E40BD}.Release|Any CPU.ActiveCfg = Release|Any CPU
		{1226451B-99B4-4BD1-94E8-7F41BB2E40BD}.Release|Any CPU.Build.0 = Release|Any CPU
	EndGlobalSection
	GlobalSection(SolutionProperties) = preSolution
		HideSolutionNode = FALSE
	EndGlobalSection
	GlobalSection(ExtensibilityGlobals) = postSolution
		SolutionGuid = {3DC1D965-A979-4B9F-A16F-7A938A0DDD8C}
	EndGlobalSection
EndGlobal
